// !$*UTF8*$!
{
	archiveVersion = 1;
	classes = {
	};
	objectVersion = 50;
	objects = {

/* Begin PBXBuildFile section */
		F129DC2F24C26DA000BEF08C /* AppDelegate.swift in Sources */ = {isa = PBXBuildFile; fileRef = F129DC2E24C26DA000BEF08C /* AppDelegate.swift */; };
		F129DC3124C26DA000BEF08C /* ViewController.swift in Sources */ = {isa = PBXBuildFile; fileRef = F129DC3024C26DA000BEF08C /* ViewController.swift */; };
		F129DC3424C26DA000BEF08C /* Main.storyboard in Resources */ = {isa = PBXBuildFile; fileRef = F129DC3224C26DA000BEF08C /* Main.storyboard */; };
		F129DC3624C26DA100BEF08C /* Assets.xcassets in Resources */ = {isa = PBXBuildFile; fileRef = F129DC3524C26DA100BEF08C /* Assets.xcassets */; };
		F129DC3924C26DA100BEF08C /* LaunchScreen.storyboard in Resources */ = {isa = PBXBuildFile; fileRef = F129DC3724C26DA100BEF08C /* LaunchScreen.storyboard */; };
		F129DC4124C271E700BEF08C /* logo-pinguim.png in Resources */ = {isa = PBXBuildFile; fileRef = F129DC4024C271E700BEF08C /* logo-pinguim.png */; };
/* End PBXBuildFile section */

/* Begin PBXFileReference section */
		F129DC2B24C26DA000BEF08C /* RandomNumberGenerator.app */ = {isa = PBXFileReference; explicitFileType = wrapper.application; includeInIndex = 0; path = RandomNumberGenerator.app; sourceTree = BUILT_PRODUCTS_DIR; };
		F129DC2E24C26DA000BEF08C /* AppDelegate.swift */ = {isa = PBXFileReference; lastKnownFileType = sourcecode.swift; path = AppDelegate.swift; sourceTree = "<group>"; };
		F129DC3024C26DA000BEF08C /* ViewController.swift */ = {isa = PBXFileReference; lastKnownFileType = sourcecode.swift; path = ViewController.swift; sourceTree = "<group>"; };
		F129DC3324C26DA000BEF08C /* Base */ = {isa = PBXFileReference; lastKnownFileType = file.storyboard; name = Base; path = Base.lproj/Main.storyboard; sourceTree = "<group>"; };
		F129DC3524C26DA100BEF08C /* Assets.xcassets */ = {isa = PBXFileReference; lastKnownFileType = folder.assetcatalog; path = Assets.xcassets; sourceTree = "<group>"; };
		F129DC3824C26DA100BEF08C /* Base */ = {isa = PBXFileReference; lastKnownFileType = file.storyboard; name = Base; path = Base.lproj/LaunchScreen.storyboard; sourceTree = "<group>"; };
		F129DC3A24C26DA100BEF08C /* Info.plist */ = {isa = PBXFileReference; lastKnownFileType = text.plist.xml; path = Info.plist; sourceTree = "<group>"; };
		F129DC4024C271E700BEF08C /* logo-pinguim.png */ = {isa = PBXFileReference; lastKnownFileType = image.png; path = "logo-pinguim.png"; sourceTree = "<group>"; };
/* End PBXFileReference section */

/* Begin PBXFrameworksBuildPhase section */
		F129DC2824C26DA000BEF08C /* Frameworks */ = {
			isa = PBXFrameworksBuildPhase;
			buildActionMask = 2147483647;
			files = (
			);
			runOnlyForDeploymentPostprocessing = 0;
		};
/* End PBXFrameworksBuildPhase section */

/* Begin PBXGroup section */
		F129DC2224C26DA000BEF08C = {
			isa = PBXGroup;
			children = (
				F129DC2D24C26DA000BEF08C /* RandomNumberGenerator */,
				F129DC2C24C26DA000BEF08C /* Products */,
			);
			sourceTree = "<group>";
		};
		F129DC2C24C26DA000BEF08C /* Products */ = {
			isa = PBXGroup;
			children = (
				F129DC2B24C26DA000BEF08C /* RandomNumberGenerator.app */,
			);
			name = Products;
			sourceTree = "<group>";
		};
		F129DC2D24C26DA000BEF08C /* RandomNumberGenerator */ = {
			isa = PBXGroup;
			children = (
				F129DC4024C271E700BEF08C /* logo-pinguim.png */,
				F129DC2E24C26DA000BEF08C /* AppDelegate.swift */,
				F129DC3024C26DA000BEF08C /* ViewController.swift */,
				F129DC3224C26DA000BEF08C /* Main.storyboard */,
				F129DC3524C26DA100BEF08C /* Assets.xcassets */,
				F129DC3724C26DA100BEF08C /* LaunchScreen.storyboard */,
				F129DC3A24C26DA100BEF08C /* Info.plist */,
			);
			path = RandomNumberGenerator;
			sourceTree = "<group>";
		};
/* End PBXGroup section */

/* Begin PBXNativeTarget section */
		F129DC2A24C26DA000BEF08C /* RandomNumberGenerator */ = {
			isa = PBXNativeTarget;
			buildConfigurationList = F129DC3D24C26DA100BEF08C /* Build configuration list for PBXNativeTarget "RandomNumberGenerator" */;
			buildPhases = (
				F129DC2724C26DA000BEF08C /* Sources */,
				F129DC2824C26DA000BEF08C /* Frameworks */,
				F129DC2924C26DA000BEF08C /* Resources */,
			);
			buildRules = (
			);
			dependencies = (
			);
			name = RandomNumberGenerator;
			productName = RandomNumberGenerator;
			productReference = F129DC2B24C26DA000BEF08C /* RandomNumberGenerator.app */;
			productType = "com.apple.product-type.application";
		};
/* End PBXNativeTarget section */

/* Begin PBXProject section */
		F129DC2324C26DA000BEF08C /* Project object */ = {
			isa = PBXProject;
			attributes = {
				LastSwiftUpdateCheck = 1030;
				LastUpgradeCheck = 1030;
				ORGANIZATIONNAME = "Rhian Lopes da Costa";
				TargetAttributes = {
					F129DC2A24C26DA000BEF08C = {
						CreatedOnToolsVersion = 10.3;
					};
				};
			};
			buildConfigurationList = F129DC2624C26DA000BEF08C /* Build configuration list for PBXProject "RandomNumberGenerator" */;
			compatibilityVersion = "Xcode 9.3";
			developmentRegion = en;
			hasScannedForEncodings = 0;
			knownRegions = (
				en,
				Base,
			);
			mainGroup = F129DC2224C26DA000BEF08C;
			productRefGroup = F129DC2C24C26DA000BEF08C /* Products */;
			projectDirPath = "";
			projectRoot = "";
			targets = (
				F129DC2A24C26DA000BEF08C /* RandomNumberGenerator */,
			);
		};
/* End PBXProject section */

/* Begin PBXResourcesBuildPhase section */
		F129DC2924C26DA000BEF08C /* Resources */ = {
			isa = PBXResourcesBuildPhase;
			buildActionMask = 2147483647;
			files = (
				F129DC3924C26DA100BEF08C /* LaunchScreen.storyboard in Resources */,
				F129DC3624C26DA100BEF08C /* Assets.xcassets in Resources */,
				F129DC4124C271E700BEF08C /* logo-pinguim.png in Resources */,
				F129DC3424C26DA000BEF08C /* Main.storyboard in Resources */,
			);
			runOnlyForDeploymentPostprocessing = 0;
		};
/* End PBXResourcesBuildPhase section */

/* Begin PBXSourcesBuildPhase section */
		F129DC2724C26DA000BEF08C /* Sources */ = {
			isa = PBXSourcesBuildPhase;
			buildActionMask = 2147483647;
			files = (
				F129DC3124C26DA000BEF08C /* ViewController.swift in Sources */,
				F129DC2F24C26DA000BEF08C /* AppDelegate.swift in Sources */,
			);
			runOnlyForDeploymentPostprocessing = 0;
		};
/* End PBXSourcesBuildPhase section */

/* Begin PBXVariantGroup section */
		F129DC3224C26DA000BEF08C /* Main.storyboard */ = {
			isa = PBXVariantGroup;
			children = (
				F129DC3324C26DA000BEF08C /* Base */,
			);
			name = Main.storyboard;
			sourceTree = "<group>";
		};
		F129DC3724C26DA100BEF08C /* LaunchScreen.storyboard */ = {
			isa = PBXVariantGroup;
			children = (
				F129DC3824C26DA100BEF08C /* Base */,
			);
			name = LaunchScreen.storyboard;
			sourceTree = "<group>";
		};
/* End PBXVariantGroup section */

/* Begin XCBuildConfiguration section */
		F129DC3B24C26DA100BEF08C /* Debug */ = {
			isa = XCBuildConfiguration;
			buildSettings = {
				ALWAYS_SEARCH_USER_PATHS = NO;
				CLANG_ANALYZER_NONNULL = YES;
				CLANG_ANALYZER_NUMBER_OBJECT_CONVERSION = YES_AGGRESSIVE;
				CLANG_CXX_LANGUAGE_STANDARD = "gnu++14";
				CLANG_CXX_LIBRARY = "libc++";
				CLANG_ENABLE_MODULES = YES;
				CLANG_ENABLE_OBJC_ARC = YES;
				CLANG_ENABLE_OBJC_WEAK = YES;
				CLANG_WARN_BLOCK_CAPTURE_AUTORELEASING = YES;
				CLANG_WARN_BOOL_CONVERSION = YES;
				CLANG_WARN_COMMA = YES;
				CLANG_WARN_CONSTANT_CONVERSION = YES;
				CLANG_WARN_DEPRECATED_OBJC_IMPLEMENTATIONS = YES;
				CLANG_WARN_DIRECT_OBJC_ISA_USAGE = YES_ERROR;
				CLANG_WARN_DOCUMENTATION_COMMENTS = YES;
				CLANG_WARN_EMPTY_BODY = YES;
				CLANG_WARN_ENUM_CONVERSION = YES;
				CLANG_WARN_INFINITE_RECURSION = YES;
				CLANG_WARN_INT_CONVERSION = YES;
				CLANG_WARN_NON_LITERAL_NULL_CONVERSION = YES;
				CLANG_WARN_OBJC_IMPLICIT_RETAIN_SELF = YES;
				CLANG_WARN_OBJC_LITERAL_CONVERSION = YES;
				CLANG_WARN_OBJC_ROOT_CLASS = YES_ERROR;
				CLANG_WARN_RANGE_LOOP_ANALYSIS = YES;
				CLANG_WARN_STRICT_PROTOTYPES = YES;
				CLANG_WARN_SUSPICIOUS_MOVE = YES;
				CLANG_WARN_UNGUARDED_AVAILABILITY = YES_AGGRESSIVE;
				CLANG_WARN_UNREACHABLE_CODE = YES;
				CLANG_WARN__DUPLICATE_METHOD_MATCH = YES;
				CODE_SIGN_IDENTITY = "iPhone Developer";
				COPY_PHASE_STRIP = NO;
				DEBUG_INFORMATION_FORMAT = dwarf;
				ENABLE_STRICT_OBJC_MSGSEND = YES;
				ENABLE_TESTABILITY = YES;
				GCC_C_LANGUAGE_STANDARD = gnu11;
				GCC_DYNAMIC_NO_PIC = NO;
				GCC_NO_COMMON_BLOCKS = YES;
				GCC_OPTIMIZATION_LEVEL = 0;
				GCC_PREPROCESSOR_DEFINITIONS = (
					"DEBUG=1",
					"$(inherited)",
				);
				GCC_WARN_64_TO_32_BIT_CONVERSION = YES;
				GCC_WARN_ABOUT_RETURN_TYPE = YES_ERROR;
				GCC_WARN_UNDECLARED_SELECTOR = YES;
				GCC_WARN_UNINITIALIZED_AUTOS = YES_AGGRESSIVE;
				GCC_WARN_UNUSED_FUNCTION = YES;
				GCC_WARN_UNUSED_VARIABLE = YES;
				IPHONEOS_DEPLOYMENT_TARGET = 12.4;
				MTL_ENABLE_DEBUG_INFO = INCLUDE_SOURCE;
				MTL_FAST_MATH = YES;
				ONLY_ACTIVE_ARCH = YES;
				SDKROOT = iphoneos;
				SWIFT_ACTIVE_COMPILATION_CONDITIONS = DEBUG;
				SWIFT_OPTIMIZATION_LEVEL = "-Onone";
			};
			name = Debug;
		};
		F129DC3C24C26DA100BEF08C /* Release */ = {
			isa = XCBuildConfiguration;
			buildSettings = {
				ALWAYS_SEARCH_USER_PATHS = NO;
				CLANG_ANALYZER_NONNULL = YES;
				CLANG_ANALYZER_NUMBER_OBJECT_CONVERSION = YES_AGGRESSIVE;
				CLANG_CXX_LANGUAGE_STANDARD = "gnu++14";
				CLANG_CXX_LIBRARY = "libc++";
				CLANG_ENABLE_MODULES = YES;
				CLANG_ENABLE_OBJC_ARC = YES;
				CLANG_ENABLE_OBJC_WEAK = YES;
				CLANG_WARN_BLOCK_CAPTURE_AUTORELEASING = YES;
				CLANG_WARN_BOOL_CONVERSION = YES;
				CLANG_WARN_COMMA = YES;
				CLANG_WARN_CONSTANT_CONVERSION = YES;
				CLANG_WARN_DEPRECATED_OBJC_IMPLEMENTATIONS = YES;
				CLANG_WARN_DIRECT_OBJC_ISA_USAGE = YES_ERROR;
				CLANG_WARN_DOCUMENTATION_COMMENTS = YES;
				CLANG_WARN_EMPTY_BODY = YES;
				CLANG_WARN_ENUM_CONVERSION = YES;
				CLANG_WARN_INFINITE_RECURSION = YES;
				CLANG_WARN_INT_CONVERSION = YES;
				CLANG_WARN_NON_LITERAL_NULL_CONVERSION = YES;
				CLANG_WARN_OBJC_IMPLICIT_RETAIN_SELF = YES;
				CLANG_WARN_OBJC_LITERAL_CONVERSION = YES;
				CLANG_WARN_OBJC_ROOT_CLASS = YES_ERROR;
				CLANG_WARN_RANGE_LOOP_ANALYSIS = YES;
				CLANG_WARN_STRICT_PROTOTYPES = YES;
				CLANG_WARN_SUSPICIOUS_MOVE = YES;
				CLANG_WARN_UNGUARDED_AVAILABILITY = YES_AGGRESSIVE;
				CLANG_WARN_UNREACHABLE_CODE = YES;
				CLANG_WARN__DUPLICATE_METHOD_MATCH = YES;
				CODE_SIGN_IDENTITY = "iPhone Developer";
				COPY_PHASE_STRIP = NO;
				DEBUG_INFORMATION_FORMAT = "dwarf-with-dsym";
				ENABLE_NS_ASSERTIONS = NO;
				ENABLE_STRICT_OBJC_MSGSEND = YES;
				GCC_C_LANGUAGE_STANDARD = gnu11;
				GCC_NO_COMMON_BLOCKS = YES;
				GCC_WARN_64_TO_32_BIT_CONVERSION = YES;
				GCC_WARN_ABOUT_RETURN_TYPE = YES_ERROR;
				GCC_WARN_UNDECLARED_SELECTOR = YES;
				GCC_WARN_UNINITIALIZED_AUTOS = YES_AGGRESSIVE;
				GCC_WARN_UNUSED_FUNCTION = YES;
				GCC_WARN_UNUSED_VARIABLE = YES;
				IPHONEOS_DEPLOYMENT_TARGET = 12.4;
				MTL_ENABLE_DEBUG_INFO = NO;
				MTL_FAST_MATH = YES;
				SDKROOT = iphoneos;
				SWIFT_COMPILATION_MODE = wholemodule;
				SWIFT_OPTIMIZATION_LEVEL = "-O";
				VALIDATE_PRODUCT = YES;
			};
			name = Release;
		};
		F129DC3E24C26DA100BEF08C /* Debug */ = {
			isa = XCBuildConfiguration;
			buildSettings = {
				ASSETCATALOG_COMPILER_APPICON_NAME = AppIcon;
				CODE_SIGN_STYLE = Automatic;
				DEVELOPMENT_TEAM = K9MC58R5UY;
				INFOPLIST_FILE = RandomNumberGenerator/Info.plist;
				LD_RUNPATH_SEARCH_PATHS = (
					"$(inherited)",
					"@executable_path/Frameworks",
				);
				PRODUCT_BUNDLE_IDENTIFIER = com.cursoios.RandomNumberGenerator;
				PRODUCT_NAME = "$(TARGET_NAME)";
				SWIFT_VERSION = 5.0;
				TARGETED_DEVICE_FAMILY = "1,2";
			};
			name = Debug;
		};
		F129DC3F24C26DA100BEF08C /* Release */ = {
			isa = XCBuildConfiguration;
			buildSettings = {
				ASSETCATALOG_COMPILER_APPICON_NAME = AppIcon;
				CODE_SIGN_STYLE = Automatic;
				DEVELOPMENT_TEAM = K9MC58R5UY;
				INFOPLIST_FILE = RandomNumberGenerator/Info.plist;
				LD_RUNPATH_SEARCH_PATHS = (
					"$(inherited)",
					"@executable_path/Frameworks",
				);
				PRODUCT_BUNDLE_IDENTIFIER = com.cursoios.RandomNumberGenerator;
				PRODUCT_NAME = "$(TARGET_NAME)";
				SWIFT_VERSION = 5.0;
				TARGETED_DEVICE_FAMILY = "1,2";
			};
			name = Release;
		};
/* End XCBuildConfiguration section */

/* Begin XCConfigurationList section */
		F129DC2624C26DA000BEF08C /* Build configuration list for PBXProject "RandomNumberGenerator" */ = {
			isa = XCConfigurationList;
			buildConfigurations = (
				F129DC3B24C26DA100BEF08C /* Debug */,
				F129DC3C24C26DA100BEF08C /* Release */,
			);
			defaultConfigurationIsVisible = 0;
			defaultConfigurationName = Release;
		};
		F129DC3D24C26DA100BEF08C /* Build configuration list for PBXNativeTarget "RandomNumberGenerator" */ = {
			isa = XCConfigurationList;
			buildConfigurations = (
				F129DC3E24C26DA100BEF08C /* Debug */,
				F129DC3F24C26DA100BEF08C /* Release */,
			);
			defaultConfigurationIsVisible = 0;
			defaultConfigurationName = Release;
		};
/* End XCConfigurationList section */
	};
	rootObject = F129DC2324C26DA000BEF08C /* Project object */;
}
